// !$*UTF8*$!
{
	archiveVersion = 1;
	classes = {
	};
	objectVersion = 50;
	objects = {

/* Begin PBXBuildFile section */
		941EDC6A2465C061006A3576 /* AppDelegate.m in Sources */ = {isa = PBXBuildFile; fileRef = 941EDC692465C061006A3576 /* AppDelegate.m */; };
		941EDC6D2465C061006A3576 /* SceneDelegate.m in Sources */ = {isa = PBXBuildFile; fileRef = 941EDC6C2465C061006A3576 /* SceneDelegate.m */; };
		941EDC702465C061006A3576 /* ViewController.m in Sources */ = {isa = PBXBuildFile; fileRef = 941EDC6F2465C061006A3576 /* ViewController.m */; };
		941EDC732465C061006A3576 /* Main.storyboard in Resources */ = {isa = PBXBuildFile; fileRef = 941EDC712465C061006A3576 /* Main.storyboard */; };
		941EDC752465C063006A3576 /* Assets.xcassets in Resources */ = {isa = PBXBuildFile; fileRef = 941EDC742465C063006A3576 /* Assets.xcassets */; };
		941EDC782465C063006A3576 /* LaunchScreen.storyboard in Resources */ = {isa = PBXBuildFile; fileRef = 941EDC762465C063006A3576 /* LaunchScreen.storyboard */; };
		941EDC7B2465C063006A3576 /* main.m in Sources */ = {isa = PBXBuildFile; fileRef = 941EDC7A2465C063006A3576 /* main.m */; };
/* End PBXBuildFile section */

/* Begin PBXFileReference section */
		941EDC652465C061006A3576 /* Volume Tester.app */ = {isa = PBXFileReference; explicitFileType = wrapper.application; includeInIndex = 0; path = "Volume Tester.app"; sourceTree = BUILT_PRODUCTS_DIR; };
		941EDC682465C061006A3576 /* AppDelegate.h */ = {isa = PBXFileReference; lastKnownFileType = sourcecode.c.h; path = AppDelegate.h; sourceTree = "<group>"; };
		941EDC692465C061006A3576 /* AppDelegate.m */ = {isa = PBXFileReference; lastKnownFileType = sourcecode.c.objc; path = AppDelegate.m; sourceTree = "<group>"; };
		941EDC6B2465C061006A3576 /* SceneDelegate.h */ = {isa = PBXFileReference; lastKnownFileType = sourcecode.c.h; path = SceneDelegate.h; sourceTree = "<group>"; };
		941EDC6C2465C061006A3576 /* SceneDelegate.m */ = {isa = PBXFileReference; lastKnownFileType = sourcecode.c.objc; path = SceneDelegate.m; sourceTree = "<group>"; };
		941EDC6E2465C061006A3576 /* ViewController.h */ = {isa = PBXFileReference; lastKnownFileType = sourcecode.c.h; path = ViewController.h; sourceTree = "<group>"; };
		941EDC6F2465C061006A3576 /* ViewController.m */ = {isa = PBXFileReference; lastKnownFileType = sourcecode.c.objc; path = ViewController.m; sourceTree = "<group>"; };
		941EDC722465C061006A3576 /* Base */ = {isa = PBXFileReference; lastKnownFileType = file.storyboard; name = Base; path = Base.lproj/Main.storyboard; sourceTree = "<group>"; };
		941EDC742465C063006A3576 /* Assets.xcassets */ = {isa = PBXFileReference; lastKnownFileType = folder.assetcatalog; path = Assets.xcassets; sourceTree = "<group>"; };
		941EDC772465C063006A3576 /* Base */ = {isa = PBXFileReference; lastKnownFileType = file.storyboard; name = Base; path = Base.lproj/LaunchScreen.storyboard; sourceTree = "<group>"; };
		941EDC792465C063006A3576 /* Info.plist */ = {isa = PBXFileReference; lastKnownFileType = text.plist.xml; path = Info.plist; sourceTree = "<group>"; };
		941EDC7A2465C063006A3576 /* main.m */ = {isa = PBXFileReference; lastKnownFileType = sourcecode.c.objc; path = main.m; sourceTree = "<group>"; };
/* End PBXFileReference section */

/* Begin PBXFrameworksBuildPhase section */
		941EDC622465C061006A3576 /* Frameworks */ = {
			isa = PBXFrameworksBuildPhase;
			buildActionMask = 2147483647;
			files = (
			);
			runOnlyForDeploymentPostprocessing = 0;
		};
/* End PBXFrameworksBuildPhase section */

/* Begin PBXGroup section */
		941EDC5C2465C061006A3576 = {
			isa = PBXGroup;
			children = (
				941EDC672465C061006A3576 /* Volume Tester */,
				941EDC662465C061006A3576 /* Products */,
			);
			sourceTree = "<group>";
		};
		941EDC662465C061006A3576 /* Products */ = {
			isa = PBXGroup;
			children = (
				941EDC652465C061006A3576 /* Volume Tester.app */,
			);
			name = Products;
			sourceTree = "<group>";
		};
		941EDC672465C061006A3576 /* Volume Tester */ = {
			isa = PBXGroup;
			children = (
				941EDC682465C061006A3576 /* AppDelegate.h */,
				941EDC692465C061006A3576 /* AppDelegate.m */,
				941EDC6B2465C061006A3576 /* SceneDelegate.h */,
				941EDC6C2465C061006A3576 /* SceneDelegate.m */,
				941EDC6E2465C061006A3576 /* ViewController.h */,
				941EDC6F2465C061006A3576 /* ViewController.m */,
				941EDC712465C061006A3576 /* Main.storyboard */,
				941EDC742465C063006A3576 /* Assets.xcassets */,
				941EDC762465C063006A3576 /* LaunchScreen.storyboard */,
				941EDC792465C063006A3576 /* Info.plist */,
				941EDC7A2465C063006A3576 /* main.m */,
			);
			path = "Volume Tester";
			sourceTree = "<group>";
		};
/* End PBXGroup section */

/* Begin PBXNativeTarget section */
		941EDC642465C061006A3576 /* Volume Tester */ = {
			isa = PBXNativeTarget;
			buildConfigurationList = 941EDC7E2465C063006A3576 /* Build configuration list for PBXNativeTarget "Volume Tester" */;
			buildPhases = (
				941EDC612465C061006A3576 /* Sources */,
				941EDC622465C061006A3576 /* Frameworks */,
				941EDC632465C061006A3576 /* Resources */,
			);
			buildRules = (
			);
			dependencies = (
			);
			name = "Volume Tester";
			productName = "Volume Tester";
			productReference = 941EDC652465C061006A3576 /* Volume Tester.app */;
			productType = "com.apple.product-type.application";
		};
/* End PBXNativeTarget section */

/* Begin PBXProject section */
		941EDC5D2465C061006A3576 /* Project object */ = {
			isa = PBXProject;
			attributes = {
				LastUpgradeCheck = 1130;
				ORGANIZATIONNAME = "Ryan David Forsyth";
				TargetAttributes = {
					941EDC642465C061006A3576 = {
						CreatedOnToolsVersion = 11.3;
					};
				};
			};
			buildConfigurationList = 941EDC602465C061006A3576 /* Build configuration list for PBXProject "Volume Tester" */;
			compatibilityVersion = "Xcode 9.3";
			developmentRegion = en;
			hasScannedForEncodings = 0;
			knownRegions = (
				en,
				Base,
			);
			mainGroup = 941EDC5C2465C061006A3576;
			productRefGroup = 941EDC662465C061006A3576 /* Products */;
			projectDirPath = "";
			projectRoot = "";
			targets = (
				941EDC642465C061006A3576 /* Volume Tester */,
			);
		};
/* End PBXProject section */

/* Begin PBXResourcesBuildPhase section */
		941EDC632465C061006A3576 /* Resources */ = {
			isa = PBXResourcesBuildPhase;
			buildActionMask = 2147483647;
			files = (
				941EDC782465C063006A3576 /* LaunchScreen.storyboard in Resources */,
				941EDC752465C063006A3576 /* Assets.xcassets in Resources */,
				941EDC732465C061006A3576 /* Main.storyboard in Resources */,
			);
			runOnlyForDeploymentPostprocessing = 0;
		};
/* End PBXResourcesBuildPhase section */

/* Begin PBXSourcesBuildPhase section */
		941EDC612465C061006A3576 /* Sources */ = {
			isa = PBXSourcesBuildPhase;
			buildActionMask = 2147483647;
			files = (
				941EDC702465C061006A3576 /* ViewController.m in Sources */,
				941EDC6A2465C061006A3576 /* AppDelegate.m in Sources */,
				941EDC7B2465C063006A3576 /* main.m in Sources */,
				941EDC6D2465C061006A3576 /* SceneDelegate.m in Sources */,
			);
			runOnlyForDeploymentPostprocessing = 0;
		};
/* End PBXSourcesBuildPhase section */

/* Begin PBXVariantGroup section */
		941EDC712465C061006A3576 /* Main.storyboard */ = {
			isa = PBXVariantGroup;
			children = (
				941EDC722465C061006A3576 /* Base */,
			);
			name = Main.storyboard;
			sourceTree = "<group>";
		};
		941EDC762465C063006A3576 /* LaunchScreen.storyboard */ = {
			isa = PBXVariantGroup;
			children = (
				941EDC772465C063006A3576 /* Base */,
			);
			name = LaunchScreen.storyboard;
			sourceTree = "<group>";
		};
/* End PBXVariantGroup section */

/* Begin XCBuildConfiguration section */
		941EDC7C2465C063006A3576 /* Debug */ = {
			isa = XCBuildConfiguration;
			buildSettings = {
				ALWAYS_SEARCH_USER_PATHS = NO;
				CLANG_ANALYZER_NONNULL = YES;
				CLANG_ANALYZER_NUMBER_OBJECT_CONVERSION = YES_AGGRESSIVE;
				CLANG_CXX_LANGUAGE_STANDARD = "gnu++14";
				CLANG_CXX_LIBRARY = "libc++";
				CLANG_ENABLE_MODULES = YES;
				CLANG_ENABLE_OBJC_ARC = YES;
				CLANG_ENABLE_OBJC_WEAK = YES;
				CLANG_WARN_BLOCK_CAPTURE_AUTORELEASING = YES;
				CLANG_WARN_BOOL_CONVERSION = YES;
				CLANG_WARN_COMMA = YES;
				CLANG_WARN_CONSTANT_CONVERSION = YES;
				CLANG_WARN_DEPRECATED_OBJC_IMPLEMENTATIONS = YES;
				CLANG_WARN_DIRECT_OBJC_ISA_USAGE = YES_ERROR;
				CLANG_WARN_DOCUMENTATION_COMMENTS = YES;
				CLANG_WARN_EMPTY_BODY = YES;
				CLANG_WARN_ENUM_CONVERSION = YES;
				CLANG_WARN_INFINITE_RECURSION = YES;
				CLANG_WARN_INT_CONVERSION = YES;
				CLANG_WARN_NON_LITERAL_NULL_CONVERSION = YES;
				CLANG_WARN_OBJC_IMPLICIT_RETAIN_SELF = YES;
				CLANG_WARN_OBJC_LITERAL_CONVERSION = YES;
				CLANG_WARN_OBJC_ROOT_CLASS = YES_ERROR;
				CLANG_WARN_RANGE_LOOP_ANALYSIS = YES;
				CLANG_WARN_STRICT_PROTOTYPES = YES;
				CLANG_WARN_SUSPICIOUS_MOVE = YES;
				CLANG_WARN_UNGUARDED_AVAILABILITY = YES_AGGRESSIVE;
				CLANG_WARN_UNREACHABLE_CODE = YES;
				CLANG_WARN__DUPLICATE_METHOD_MATCH = YES;
				COPY_PHASE_STRIP = NO;
				DEBUG_INFORMATION_FORMAT = dwarf;
				ENABLE_STRICT_OBJC_MSGSEND = YES;
				ENABLE_TESTABILITY = YES;
				GCC_C_LANGUAGE_STANDARD = gnu11;
				GCC_DYNAMIC_NO_PIC = NO;
				GCC_NO_COMMON_BLOCKS = YES;
				GCC_OPTIMIZATION_LEVEL = 0;
				GCC_PREPROCESSOR_DEFINITIONS = (
					"DEBUG=1",
					"$(inherited)",
				);
				GCC_WARN_64_TO_32_BIT_CONVERSION = YES;
				GCC_WARN_ABOUT_RETURN_TYPE = YES_ERROR;
				GCC_WARN_UNDECLARED_SELECTOR = YES;
				GCC_WARN_UNINITIALIZED_AUTOS = YES_AGGRESSIVE;
				GCC_WARN_UNUSED_FUNCTION = YES;
				GCC_WARN_UNUSED_VARIABLE = YES;
				IPHONEOS_DEPLOYMENT_TARGET = 13.2;
				MTL_ENABLE_DEBUG_INFO = INCLUDE_SOURCE;
				MTL_FAST_MATH = YES;
				ONLY_ACTIVE_ARCH = YES;
				SDKROOT = iphoneos;
			};
			name = Debug;
		};
		941EDC7D2465C063006A3576 /* Release */ = {
			isa = XCBuildConfiguration;
			buildSettings = {
				ALWAYS_SEARCH_USER_PATHS = NO;
				CLANG_ANALYZER_NONNULL = YES;
				CLANG_ANALYZER_NUMBER_OBJECT_CONVERSION = YES_AGGRESSIVE;
				CLANG_CXX_LANGUAGE_STANDARD = "gnu++14";
				CLANG_CXX_LIBRARY = "libc++";
				CLANG_ENABLE_MODULES = YES;
				CLANG_ENABLE_OBJC_ARC = YES;
				CLANG_ENABLE_OBJC_WEAK = YES;
				CLANG_WARN_BLOCK_CAPTURE_AUTORELEASING = YES;
				CLANG_WARN_BOOL_CONVERSION = YES;
				CLANG_WARN_COMMA = YES;
				CLANG_WARN_CONSTANT_CONVERSION = YES;
				CLANG_WARN_DEPRECATED_OBJC_IMPLEMENTATIONS = YES;
				CLANG_WARN_DIRECT_OBJC_ISA_USAGE = YES_ERROR;
				CLANG_WARN_DOCUMENTATION_COMMENTS = YES;
				CLANG_WARN_EMPTY_BODY = YES;
				CLANG_WARN_ENUM_CONVERSION = YES;
				CLANG_WARN_INFINITE_RECURSION = YES;
				CLANG_WARN_INT_CONVERSION = YES;
				CLANG_WARN_NON_LITERAL_NULL_CONVERSION = YES;
				CLANG_WARN_OBJC_IMPLICIT_RETAIN_SELF = YES;
				CLANG_WARN_OBJC_LITERAL_CONVERSION = YES;
				CLANG_WARN_OBJC_ROOT_CLASS = YES_ERROR;
				CLANG_WARN_RANGE_LOOP_ANALYSIS = YES;
				CLANG_WARN_STRICT_PROTOTYPES = YES;
				CLANG_WARN_SUSPICIOUS_MOVE = YES;
				CLANG_WARN_UNGUARDED_AVAILABILITY = YES_AGGRESSIVE;
				CLANG_WARN_UNREACHABLE_CODE = YES;
				CLANG_WARN__DUPLICATE_METHOD_MATCH = YES;
				COPY_PHASE_STRIP = NO;
				DEBUG_INFORMATION_FORMAT = "dwarf-with-dsym";
				ENABLE_NS_ASSERTIONS = NO;
				ENABLE_STRICT_OBJC_MSGSEND = YES;
				GCC_C_LANGUAGE_STANDARD = gnu11;
				GCC_NO_COMMON_BLOCKS = YES;
				GCC_WARN_64_TO_32_BIT_CONVERSION = YES;
				GCC_WARN_ABOUT_RETURN_TYPE = YES_ERROR;
				GCC_WARN_UNDECLARED_SELECTOR = YES;
				GCC_WARN_UNINITIALIZED_AUTOS = YES_AGGRESSIVE;
				GCC_WARN_UNUSED_FUNCTION = YES;
				GCC_WARN_UNUSED_VARIABLE = YES;
				IPHONEOS_DEPLOYMENT_TARGET = 13.2;
				MTL_ENABLE_DEBUG_INFO = NO;
				MTL_FAST_MATH = YES;
				SDKROOT = iphoneos;
				VALIDATE_PRODUCT = YES;
			};
			name = Release;
		};
		941EDC7F2465C063006A3576 /* Debug */ = {
			isa = XCBuildConfiguration;
			buildSettings = {
				ASSETCATALOG_COMPILER_APPICON_NAME = AppIcon;
				CODE_SIGN_STYLE = Automatic;
				DEVELOPMENT_TEAM = T6MXF72738;
				INFOPLIST_FILE = "Volume Tester/Info.plist";
				LD_RUNPATH_SEARCH_PATHS = (
					"$(inherited)",
					"@executable_path/Frameworks",
				);
				PRODUCT_BUNDLE_IDENTIFIER = "com.RyanDF.Volume-Tester";
				PRODUCT_NAME = "$(TARGET_NAME)";
				TARGETED_DEVICE_FAMILY = "1,2";
			};
			name = Debug;
		};
		941EDC802465C063006A3576 /* Release */ = {
			isa = XCBuildConfiguration;
			buildSettings = {
				ASSETCATALOG_COMPILER_APPICON_NAME = AppIcon;
				CODE_SIGN_STYLE = Automatic;
				DEVELOPMENT_TEAM = T6MXF72738;
				INFOPLIST_FILE = "Volume Tester/Info.plist";
				LD_RUNPATH_SEARCH_PATHS = (
					"$(inherited)",
					"@executable_path/Frameworks",
				);
				PRODUCT_BUNDLE_IDENTIFIER = "com.RyanDF.Volume-Tester";
				PRODUCT_NAME = "$(TARGET_NAME)";
				TARGETED_DEVICE_FAMILY = "1,2";
			};
			name = Release;
		};
/* End XCBuildConfiguration section */

/* Begin XCConfigurationList section */
		941EDC602465C061006A3576 /* Build configuration list for PBXProject "Volume Tester" */ = {
			isa = XCConfigurationList;
			buildConfigurations = (
				941EDC7C2465C063006A3576 /* Debug */,
				941EDC7D2465C063006A3576 /* Release */,
			);
			defaultConfigurationIsVisible = 0;
			defaultConfigurationName = Release;
		};
		941EDC7E2465C063006A3576 /* Build configuration list for PBXNativeTarget "Volume Tester" */ = {
			isa = XCConfigurationList;
			buildConfigurations = (
				941EDC7F2465C063006A3576 /* Debug */,
				941EDC802465C063006A3576 /* Release */,
			);
			defaultConfigurationIsVisible = 0;
			defaultConfigurationName = Release;
		};
/* End XCConfigurationList section */
	};
	rootObject = 941EDC5D2465C061006A3576 /* Project object */;
}
